<?xml version="1.0" encoding="utf-8"?>
<Project ToolsVersion="4.0" xmlns="http://schemas.microsoft.com/developer/msbuild/2003">
  <ItemGroup>
    <Filter Include="Common">
      <UniqueIdentifier>62a9eff8-3125-4ad6-a68e-77e219d0ae13</UniqueIdentifier>
    </Filter>
    <Filter Include="Assets">
      <UniqueIdentifier>df8b4239-48a1-4793-a08a-45dd7240f455</UniqueIdentifier>
      <Extensions>bmp;fbx;gif;jpg;jpeg;tga;tiff;tif;png</Extensions>
    </Filter>
    <Filter Include="Content">
      <UniqueIdentifier>3267fc6b-a4fe-4522-adfa-a1409e646ee4</UniqueIdentifier>
    </Filter>
    <ClInclude Include="Common\DirectXHelper.h">
      <Filter>Common</Filter>
    </ClInclude>
    <ClInclude Include="Common\StepTimer.h">
      <Filter>Common</Filter>
    </ClInclude>
    <ClInclude Include="Common\DeviceResources.h">
      <Filter>Common</Filter>
    </ClInclude>
    <ClCompile Include="Common\DeviceResources.cpp">
      <Filter>Common</Filter>
    </ClCompile>
    <ClInclude Include="Content\ShaderStructures.h">
      <Filter>Content</Filter>
    </ClInclude>
    <Image Include="Assets\LockScreenLogo.scale-200.png">
      <Filter>Assets</Filter>
    </Image>
    <Image Include="Assets\SplashScreen.scale-200.png">
      <Filter>Assets</Filter>
    </Image>
    <Image Include="Assets\Square150x150Logo.scale-200.png">
      <Filter>Assets</Filter>
    </Image>
    <Image Include="Assets\Square44x44Logo.scale-200.png">
      <Filter>Assets</Filter>
    </Image>
    <Image Include="Assets\Square44x44Logo.targetsize-24_altform-unplated.png">
      <Filter>Assets</Filter>
    </Image>
    <Image Include="Assets\Wide310x150Logo.scale-200.png">
      <Filter>Assets</Filter>
    </Image>
    <Filter Include="Common\Graphics">
      <UniqueIdentifier>{e76e65aa-0aa7-434e-b205-987cfc1c3fd8}</UniqueIdentifier>
    </Filter>
    <Filter Include="Content\Shaders">
      <UniqueIdentifier>{420df6fe-4260-406e-8746-72d5f9ce8676}</UniqueIdentifier>
    </Filter>
    <Filter Include="Common\DirectXHelpers">
      <UniqueIdentifier>{3ba4d948-86f9-47d7-857e-084c1e045628}</UniqueIdentifier>
    </Filter>
    <Filter Include="Assets\Textures">
      <UniqueIdentifier>{e3b751a5-e7e8-4eec-95e2-661df9631ce1}</UniqueIdentifier>
    </Filter>
  </ItemGroup>
  <ItemGroup>
    <ApplicationDefinition Include="App.xaml" />
  </ItemGroup>
  <ItemGroup>
    <ClCompile Include="Terrain_engineMain.cpp" />
    <ClCompile Include="pch.cpp" />
    <ClCompile Include="Content\SceneRenderer.cpp">
      <Filter>Content</Filter>
    </ClCompile>
    <ClCompile Include="Content\TextRenderer.cpp">
      <Filter>Content</Filter>
    </ClCompile>
    <ClCompile Include="Common\Graphics\Camera.cpp">
      <Filter>Common\Graphics</Filter>
    </ClCompile>
    <ClCompile Include="Common\Graphics\Terrain.cpp">
      <Filter>Common\Graphics</Filter>
    </ClCompile>
    <ClCompile Include="Common\DirectXMeshClean.cpp">
      <Filter>Common</Filter>
    </ClCompile>
    <ClCompile Include="Common\DirectXMeshNormals.cpp">
      <Filter>Common</Filter>
    </ClCompile>
    <ClCompile Include="Common\DirectXMeshOptimize.cpp">
      <Filter>Common</Filter>
    </ClCompile>
    <ClCompile Include="Common\DirectXMeshUtil.cpp">
      <Filter>Common</Filter>
    </ClCompile>
    <ClCompile Include="Common\DirectXMeshValidate.cpp">
      <Filter>Common</Filter>
    </ClCompile>
    <ClCompile Include="Common\Graphics\Sphere.cpp">
      <Filter>Common\Graphics</Filter>
    </ClCompile>
    <ClCompile Include="Common\DirectXHelpers\BasicLoader.cpp">
      <Filter>Common\DirectXHelpers</Filter>
    </ClCompile>
    <ClCompile Include="Common\DirectXHelpers\BasicReaderWriter.cpp">
      <Filter>Common\DirectXHelpers</Filter>
    </ClCompile>
    <ClCompile Include="Common\DirectXHelpers\DDSTextureLoader.cpp">
      <Filter>Common\DirectXHelpers</Filter>
    </ClCompile>
    <ClCompile Include="Common\Graphics\Water.cpp">
      <Filter>Common\Graphics</Filter>
    </ClCompile>
    <ClCompile Include="Common\Graphics\Skybox.cpp">
      <Filter>Common\Graphics</Filter>
    </ClCompile>
  </ItemGroup>
  <ItemGroup>
    <ClInclude Include="Terrain_engineMain.h" />
    <ClInclude Include="pch.h" />
    <ClInclude Include="Content\SceneRenderer.h">
      <Filter>Content</Filter>
    </ClInclude>
    <ClInclude Include="Content\TextRenderer.h">
      <Filter>Content</Filter>
    </ClInclude>
    <ClInclude Include="Common\Graphics\Camera.h">
      <Filter>Common\Graphics</Filter>
    </ClInclude>
    <ClInclude Include="Common\Graphics\Terrain.h">
      <Filter>Common\Graphics</Filter>
    </ClInclude>
    <ClInclude Include="Common\DirectXMesh.h">
      <Filter>Common</Filter>
    </ClInclude>
    <ClInclude Include="Common\DirectXMeshP.h">
      <Filter>Common</Filter>
    </ClInclude>
    <ClInclude Include="Common\scoped.h">
      <Filter>Common</Filter>
    </ClInclude>
    <ClInclude Include="Common\Graphics\Sphere.h">
      <Filter>Common\Graphics</Filter>
    </ClInclude>
    <ClInclude Include="Common\DirectXHelpers\BasicLoader.h">
      <Filter>Common\DirectXHelpers</Filter>
    </ClInclude>
    <ClInclude Include="Common\DirectXHelpers\BasicReaderWriter.h">
      <Filter>Common\DirectXHelpers</Filter>
    </ClInclude>
    <ClInclude Include="Common\DirectXHelpers\DDSTextureLoader.h">
      <Filter>Common\DirectXHelpers</Filter>
    </ClInclude>
    <ClInclude Include="Common\Graphics\Water.h">
      <Filter>Common\Graphics</Filter>
    </ClInclude>
    <ClInclude Include="Common\Graphics\Skybox.h">
      <Filter>Common\Graphics</Filter>
    </ClInclude>
  </ItemGroup>
  <ItemGroup>
    <Image Include="Assets\StoreLogo.png">
      <Filter>Assets</Filter>
    </Image>
    <Image Include="Assets\Textures\Ground_Dirt_007_basecolor.jpg">
      <Filter>Assets\Textures</Filter>
    </Image>
    <Image Include="Assets\Textures\Ground_Dirt_007_normal.jpg">
      <Filter>Assets\Textures</Filter>
    </Image>
    <Image Include="Assets\Textures\Snow_001_DISP.png">
      <Filter>Assets\Textures</Filter>
    </Image>
    <Image Include="Assets\Textures\Snow_001_NORM.jpg">
      <Filter>Assets\Textures</Filter>
    </Image>
    <Image Include="Assets\Textures\Stone Path 002_Albedo.jpg">
      <Filter>Assets\Textures</Filter>
    </Image>
    <Image Include="Assets\Textures\Stone Path 002_Normal.jpg">
      <Filter>Assets\Textures</Filter>
    </Image>
    <Image Include="Assets\Textures\mountain_stone_rock.jpg">
      <Filter>Assets\Textures</Filter>
    </Image>
    <Image Include="Assets\Textures\Ground Seamless Texture.jpg">
      <Filter>Assets\Textures</Filter>
    </Image>
    <Image Include="Assets\Textures\Snow_Seamless_Texture_6758_1024x1024.jpg">
      <Filter>Assets\Textures</Filter>
    </Image>
    <Image Include="Assets\Textures\Ground Seamless Texture #7137.jpg">
      <Filter>Assets\Textures</Filter>
    </Image>
    <Image Include="Assets\Textures\Ground Seamless Texture3.jpg">
      <Filter>Assets\Textures</Filter>
    </Image>
    <Image Include="Assets\Textures\rsz_cliff_seamless_texture_#6624.jpg">
      <Filter>Assets\Textures</Filter>
    </Image>
    <Image Include="Assets\Textures\rsz_grass_seamless_texture_#1405.jpg">
      <Filter>Assets\Textures</Filter>
    </Image>
    <Image Include="Assets\Textures\waterDuDV.png">
      <Filter>Assets\Textures</Filter>
    </Image>
    <Image Include="Assets\Textures\Skybox.dds">
      <Filter>Assets\Textures</Filter>
    </Image>
  </ItemGroup>
  <ItemGroup>
    <AppxManifest Include="Package.appxmanifest" />
  </ItemGroup>
  <ItemGroup>
    <Page Include="DirectXPage.xaml" />
  </ItemGroup>
  <ItemGroup>
    <None Include="Common\DirectXMesh.inl">
      <Filter>Common</Filter>
    </None>
    <None Include="Content\Shaders\IncludeDrawParams.hlsli">
      <Filter>Content\Shaders</Filter>
    </None>
    <None Include="Content\Shaders\IncludeWaterParams.hlsli">
      <Filter>Content\Shaders</Filter>
    </None>
    <None Include="Content\Shaders\IncludeFogParams.hlsli">
      <Filter>Content\Shaders</Filter>
    </None>
  </ItemGroup>
  <ItemGroup>
    <FxCompile Include="Content\Shaders\GeometryShader.hlsl">
      <Filter>Content\Shaders</Filter>
    </FxCompile>
    <FxCompile Include="Content\Shaders\HullShader.hlsl">
      <Filter>Content\Shaders</Filter>
    </FxCompile>
    <FxCompile Include="Content\Shaders\PixelShader.hlsl">
      <Filter>Content\Shaders</Filter>
    </FxCompile>
    <FxCompile Include="Content\Shaders\VertexShader.hlsl">
      <Filter>Content\Shaders</Filter>
    </FxCompile>
    <FxCompile Include="Content\Shaders\DomainShader.hlsl">
      <Filter>Content\Shaders</Filter>
    </FxCompile>
    <FxCompile Include="Content\Shaders\WaterPixelShader.hlsl">
      <Filter>Content\Shaders</Filter>
    </FxCompile>
    <FxCompile Include="Content\Shaders\WaterVertexShader.hlsl">
      <Filter>Content\Shaders</Filter>
    </FxCompile>
    <FxCompile Include="Content\Shaders\SkyboxVertexShader.hlsl">
      <Filter>Content\Shaders</Filter>
    </FxCompile>
    <FxCompile Include="Content\Shaders\SkyboxPixelShader.hlsl">
      <Filter>Content\Shaders</Filter>
    </FxCompile>
  </ItemGroup>
</Project>